{
    "_meta": {
        "hash": {
            "sha256": "7985ea6ff3a68d5d24aac28f1b3213d404e7f8764d202ea57bc00efa55b00a2e"
        },
        "pipfile-spec": 6,
        "requires": {
            "python_version": "3.7"
        },
        "sources": [
            {
                "name": "pypi",
                "url": "https://pypi.python.org/simple",
                "verify_ssl": true
            }
        ]
    },
    "default": {
        "aws-xray-sdk": {
            "hashes": [
                "sha256:75cbce8c777b7d8055719ee1a0db6043e53c44e8f1a62a956bd84db87c4a4c7c",
                "sha256:ce4adb60fe67ebe91f2fc57d5067b4e44df6e233652987be4fb2e549688cf9fe"
            ],
            "index": "pypi",
            "version": "==2.4.2"
        },
        "boto3": {
            "hashes": [
                "sha256:80f24c01a630e6be409d70aa1b1e30076eda1daf8456157ec210aea2d8d51f2c",
                "sha256:f259046902b1daa542a08f08796d000160e9801a87f470faf940addacedcc7d7"
            ],
            "index": "pypi",
            "version": "==1.9.117"
        },
        "botocore": {
            "hashes": [
                "sha256:6c3b1b3344d7bb53a85d3877047e5f29a46f13deb27bda2e85a6d24d7a27c5bf",
                "sha256:c2a8ae81bb2dfd70951279a1b63ba7ef89333675f9ff479b008ce14fcd9872c1"
            ],
            "version": "==1.12.117"
        },
        "cfn-resource": {
            "hashes": [
                "sha256:6326f20197f33c1238f327841b8e219203acd7411315549643eb4870e17f1923"
            ],
            "index": "pypi",
            "version": "==0.2.3"
        },
        "docutils": {
            "hashes": [
                "sha256:02aec4bd92ab067f6ff27a38a38a41173bf01bed8f89157768c1573f53e474a6",
                "sha256:51e64ef2ebfb29cae1faa133b3710143496eca21c530f3f71424d77687764274",
                "sha256:7a4bd47eaf6596e1295ecb11361139febe29b084a87bf005bf899f9a42edc3c6"
            ],
            "version": "==0.14"
        },
        "future": {
            "hashes": [
                "sha256:67045236dcfd6816dc439556d009594abf643e5eb48992e36beac09c2ca659b8"
            ],
            "version": "==0.17.1"
        },
        "jmespath": {
            "hashes": [
                "sha256:3720a4b1bd659dd2eecad0666459b9788813e032b83e7ba58578e48254e0a0e6",
                "sha256:bde2aef6f44302dfb30320115b17d030798de8c4110e28d5cf6cf91a7a31074c"
            ],
            "version": "==0.9.4"
        },
        "jsonpickle": {
            "hashes": [
                "sha256:0231d6f7ebc4723169310141352d9c9b7bbbd6f3be110cf634575d2bf2af91f0",
                "sha256:625098cc8e5854b8c23b587aec33bc8e33e0e597636bfaca76152249c78fe5c1"
            ],
            "version": "==1.1"
        },
        "python-dateutil": {
            "hashes": [
                "sha256:7e6584c74aeed623791615e26efd690f29817a27c73085b78e4bad02493df2fb",
                "sha256:c89805f6f4d64db21ed966fda138f8a5ed7a4fdbc1a8ee329ce1b74e3c74da9e"
            ],
            "markers": "python_version >= '2.7'",
            "version": "==2.8.0"
        },
        "s3transfer": {
            "hashes": [
                "sha256:7b9ad3213bff7d357f888e0fab5101b56fa1a0548ee77d121c3a3dbfbef4cb2e",
                "sha256:f23d5cb7d862b104401d9021fc82e5fa0e0cf57b7660a1331425aab0c691d021"
            ],
            "version": "==0.2.0"
        },
        "six": {
            "hashes": [
                "sha256:3350809f0555b11f552448330d0b52d5f24c91a322ea4a15ef22629740f3761c",
                "sha256:d16a0141ec1a18405cd4ce8b4613101da75da0e9a7aec5bdd4fa804d0e0eba73"
            ],
            "version": "==1.12.0"
        },
        "urllib3": {
            "hashes": [
                "sha256:61bf29cada3fc2fbefad4fdf059ea4bd1b4a86d2b6d15e1c7c0b582b9752fe39",
                "sha256:de9529817c93f27c8ccbfead6985011db27bd0ddfcdb2d86f3f663385c6a9c22"
            ],
            "markers": "python_version >= '3.4'",
            "version": "==1.24.1"
        },
        "wrapt": {
            "hashes": [
                "sha256:4aea003270831cceb8a90ff27c4031da6ead7ec1886023b80ce0dfe0adf61533"
            ],
            "version": "==1.11.1"
        }
    },
    "develop": {
        "arrow": {
            "hashes": [
                "sha256:3397e5448952e18e1295bf047014659effa5ae8da6a5371d37ff0ddc46fa6872",
                "sha256:6f54d9f016c0b7811fac9fb8c2c7fa7421d80c54dbdd75ffb12913c55db60b8a"
            ],
            "version": "==0.13.1"
        },
        "atomicwrites": {
            "hashes": [
                "sha256:03472c30eb2c5d1ba9227e4c2ca66ab8287fbfbbda3888aa93dc2e28fc6811b4",
                "sha256:75a9445bac02d8d058d5e1fe689654ba5a6556a1dfd8ce6ec55a0ed79866cfa6"
            ],
            "version": "==1.3.0"
        },
        "attrs": {
            "hashes": [
                "sha256:69c0dbf2ed392de1cb5ec704444b08a5ef81680a61cb899dc08127123af36a79",
                "sha256:f0b870f674851ecbfbbbd364d6b5cbdff9dcedbc7f3f5e18a6891057f21fe399"
            ],
            "version": "==19.1.0"
        },
        "autopep8": {
            "hashes": [
                "sha256:33d2b5325b7e1afb4240814fe982eea3a92ebea712869bfd08b3c0393404248c"
            ],
            "index": "pypi",
            "version": "==1.4.3"
        },
        "aws-lambda-builders": {
            "hashes": [
                "sha256:73ec7801e4b64a0f000f6d896fb3e4a83f0d999a4001402b7667445ff61cd352",
                "sha256:a9935e46f40cd7be9f195ad62ca7c9bddb491fc119e02878920b950ae771c71e",
                "sha256:de456c611523f24e603b22b7496972280929a1ee1d501e44e23f6c47d350abc4"
            ],
            "version": "==0.2.0"
        },
        "aws-sam-cli": {
            "hashes": [
                "sha256:2f7252889091cdb2519b977fb51c910a76c71350d5f666d1106f8cb85c5ad5b8",
                "sha256:3a0cc1755b5cb21e9e30507b9ef0e52376ff94c0ac2e13b320fe742591b26bd2",
                "sha256:8b2863f617f4d0b12dbbf912b5fe1169ebd04838120befafcb471ada0f26edd6"
            ],
            "index": "pypi",
            "version": "==0.13.0"
        },
        "aws-sam-translator": {
            "hashes": [
                "sha256:0e1fa094c6791b233f5e73f2f0803ec6e0622f2320ec5a969f0986855221b92b"
            ],
            "version": "==1.10.0"
        },
        "awscli": {
            "hashes": [
                "sha256:7b8401cb0979b50c2bde9803550100b1683080dc9b90255b02d00a8eeb55e7a7",
                "sha256:b55b5fb1ab8158025bb950a441f987a7114bf4ad487b25ed2498483cbbb4b516"
            ],
            "index": "pypi",
            "version": "==1.16.127"
        },
        "binaryornot": {
            "hashes": [
                "sha256:359501dfc9d40632edc9fac890e19542db1a287bbcfa58175b66658392018061",
                "sha256:b8b71173c917bddcd2c16070412e369c3ed7f0528926f70cac18a6c97fd563e4"
            ],
            "version": "==0.4.4"
        },
        "boto3": {
            "hashes": [
                "sha256:80f24c01a630e6be409d70aa1b1e30076eda1daf8456157ec210aea2d8d51f2c",
                "sha256:f259046902b1daa542a08f08796d000160e9801a87f470faf940addacedcc7d7"
            ],
            "index": "pypi",
            "version": "==1.9.117"
        },
        "botocore": {
            "hashes": [
                "sha256:6c3b1b3344d7bb53a85d3877047e5f29a46f13deb27bda2e85a6d24d7a27c5bf",
                "sha256:c2a8ae81bb2dfd70951279a1b63ba7ef89333675f9ff479b008ce14fcd9872c1"
            ],
            "version": "==1.12.117"
        },
        "certifi": {
            "hashes": [
                "sha256:59b7658e26ca9c7339e00f8f4636cdfe59d34fa37b9b04f6f9e9926b3cece1a5",
                "sha256:b26104d6835d1f5e49452a26eb2ff87fe7090b89dfcaee5ea2212697e1e1d7ae"
            ],
            "version": "==2019.3.9"
        },
        "cfn-lint": {
            "hashes": [
                "sha256:0b5521b16ef5883c22a492f5ca98087e5c73d6f3627efe7874e968542f083c87",
                "sha256:677862d32e9d275ff2dfcf0406d78a683b5fcac38a1234228ff48f4a70f5cd45"
            ],
            "index": "pypi",
            "version": "==0.16.0"
        },
        "chardet": {
            "hashes": [
                "sha256:84ab92ed1c4d4f16916e05906b6b75a6c0fb5db821cc65e70cbd64a3e2a5eaae",
                "sha256:fc323ffcaeaed0e0a02bf4d117757b98aed530d9ed4531e3e15460124c106691"
            ],
            "version": "==3.0.4"
        },
        "chevron": {
            "hashes": [
                "sha256:95b0a055ef0ada5eb061d60be64a7f70670b53372ccd221d1b88adf1c41a9094",
                "sha256:f95054a8b303268ebf3efd6bdfc8c1b428d3fc92327913b4e236d062ec61c989"
            ],
            "version": "==0.13.1"
        },
        "click": {
            "hashes": [
                "sha256:29f99fc6125fbc931b758dc053b3114e55c77a6e4c6c3a2674a2dc986016381d",
                "sha256:f15516df478d5a56180fbf80e68f206010e6d160fc39fa508b65e035fd75130b"
            ],
            "version": "==6.7"
        },
        "colorama": {
            "hashes": [
                "sha256:463f8483208e921368c9f306094eb6f725c6ca42b0f97e313cb5d5512459feda",
                "sha256:48eb22f4f8461b1df5734a074b57042430fb06e1d61bd1e11b078c0fe6d7a1f1"
            ],
            "version": "==0.3.9"
        },
        "cookiecutter": {
            "hashes": [
                "sha256:1316a52e1c1f08db0c9efbf7d876dbc01463a74b155a0d83e722be88beda9a3e",
                "sha256:ed8f54a8fc79b6864020d773ce11539b5f08e4617f353de1f22d23226f6a0d36"
            ],
            "version": "==1.6.0"
        },
        "coverage": {
            "hashes": [
                "sha256:3684fabf6b87a369017756b551cef29e505cb155ddb892a7a29277b978da88b9",
                "sha256:39e088da9b284f1bd17c750ac672103779f7954ce6125fd4382134ac8d152d74",
                "sha256:3c205bc11cc4fcc57b761c2da73b9b72a59f8d5ca89979afb0c1c6f9e53c7390",
                "sha256:465ce53a8c0f3a7950dfb836438442f833cf6663d407f37d8c52fe7b6e56d7e8",
                "sha256:48020e343fc40f72a442c8a1334284620f81295256a6b6ca6d8aa1350c763bbe",
                "sha256:5296fc86ab612ec12394565c500b412a43b328b3907c0d14358950d06fd83baf",
                "sha256:5f61bed2f7d9b6a9ab935150a6b23d7f84b8055524e7be7715b6513f3328138e",
                "sha256:68a43a9f9f83693ce0414d17e019daee7ab3f7113a70c79a3dd4c2f704e4d741",
                "sha256:6b8033d47fe22506856fe450470ccb1d8ba1ffb8463494a15cfc96392a288c09",
                "sha256:7ad7536066b28863e5835e8cfeaa794b7fe352d99a8cded9f43d1161be8e9fbd",
                "sha256:7bacb89ccf4bedb30b277e96e4cc68cd1369ca6841bde7b005191b54d3dd1034",
                "sha256:839dc7c36501254e14331bcb98b27002aa415e4af7ea039d9009409b9d2d5420",
                "sha256:8f9a95b66969cdea53ec992ecea5406c5bd99c9221f539bca1e8406b200ae98c",
                "sha256:932c03d2d565f75961ba1d3cec41ddde00e162c5b46d03f7423edcb807734eab",
                "sha256:988529edadc49039d205e0aa6ce049c5ccda4acb2d6c3c5c550c17e8c02c05ba",
                "sha256:998d7e73548fe395eeb294495a04d38942edb66d1fa61eb70418871bc621227e",
                "sha256:9de60893fb447d1e797f6bf08fdf0dbcda0c1e34c1b06c92bd3a363c0ea8c609",
                "sha256:9e80d45d0c7fcee54e22771db7f1b0b126fb4a6c0a2e5afa72f66827207ff2f2",
                "sha256:a545a3dfe5082dc8e8c3eb7f8a2cf4f2870902ff1860bd99b6198cfd1f9d1f49",
                "sha256:a5d8f29e5ec661143621a8f4de51adfb300d7a476224156a39a392254f70687b",
                "sha256:aca06bfba4759bbdb09bf52ebb15ae20268ee1f6747417837926fae990ebc41d",
                "sha256:bb23b7a6fd666e551a3094ab896a57809e010059540ad20acbeec03a154224ce",
                "sha256:bfd1d0ae7e292105f29d7deaa9d8f2916ed8553ab9d5f39ec65bcf5deadff3f9",
                "sha256:c62ca0a38958f541a73cf86acdab020c2091631c137bd359c4f5bddde7b75fd4",
                "sha256:c709d8bda72cf4cd348ccec2a4881f2c5848fd72903c185f363d361b2737f773",
                "sha256:c968a6aa7e0b56ecbd28531ddf439c2ec103610d3e2bf3b75b813304f8cb7723",
                "sha256:df785d8cb80539d0b55fd47183264b7002077859028dfe3070cf6359bf8b2d9c",
                "sha256:f406628ca51e0ae90ae76ea8398677a921b36f0bd71aab2099dfed08abd0322f",
                "sha256:f46087bbd95ebae244a0eda01a618aff11ec7a069b15a3ef8f6b520db523dcf1",
                "sha256:f8019c5279eb32360ca03e9fac40a12667715546eed5c5eb59eb381f2f501260",
                "sha256:fc5f4d209733750afd2714e9109816a29500718b32dd9a5db01c0cb3a019b96a"
            ],
            "version": "==4.5.3"
        },
        "dateparser": {
            "hashes": [
                "sha256:42d51be54e74a8e80a4d76d1fa6e4edd997098fce24ad2d94a2eab5ef247193e",
                "sha256:78124c458c461ea7198faa3c038f6381f37588b84bb42740e91a4cbd260b1d09"
            ],
            "version": "==0.7.1"
        },
        "docker": {
            "hashes": [
                "sha256:2840ffb9dc3ef6d00876bde476690278ab13fa1f8ba9127ef855ac33d00c3152",
                "sha256:5831256da3477723362bc71a8df07b8cd8493e4a4a60cebd45580483edbe48ae"
            ],
            "version": "==3.7.0"
        },
        "docker-pycreds": {
            "hashes": [
                "sha256:6ce3270bcaf404cc4c3e27e4b6c70d3521deae82fb508767870fdbf772d584d4",
                "sha256:7266112468627868005106ec19cd0d722702d2b7d5912a28e19b826c3d37af49"
            ],
            "version": "==0.4.0"
        },
        "docutils": {
            "hashes": [
                "sha256:02aec4bd92ab067f6ff27a38a38a41173bf01bed8f89157768c1573f53e474a6",
                "sha256:51e64ef2ebfb29cae1faa133b3710143496eca21c530f3f71424d77687764274",
                "sha256:7a4bd47eaf6596e1295ecb11361139febe29b084a87bf005bf899f9a42edc3c6"
            ],
            "version": "==0.14"
        },
        "entrypoints": {
            "hashes": [
                "sha256:589f874b313739ad35be6e0cd7efde2a4e9b6fea91edcc34e58ecbb8dbe56d19",
                "sha256:c70dd71abe5a8c85e55e12c19bd91ccfeec11a6e99044204511f9ed547d48451"
            ],
            "version": "==0.3"
        },
        "flake8": {
            "hashes": [
                "sha256:859996073f341f2670741b51ec1e67a01da142831aa1fdc6242dbf88dffbe661",
                "sha256:a796a115208f5c03b18f332f7c11729812c8c3ded6c46319c59b53efd3819da8"
            ],
            "index": "pypi",
            "version": "==3.7.7"
        },
        "flask": {
            "hashes": [
                "sha256:2271c0070dbcb5275fad4a82e29f23ab92682dc45f9dfbc22c02ba9b9322ce48",
                "sha256:a080b744b7e345ccfcbc77954861cb05b3c63786e93f2b3875e0913d44b43f05"
            ],
            "version": "==1.0.2"
        },
        "future": {
            "hashes": [
                "sha256:67045236dcfd6816dc439556d009594abf643e5eb48992e36beac09c2ca659b8"
            ],
            "version": "==0.17.1"
        },
        "idna": {
            "hashes": [
                "sha256:156a6814fb5ac1fc6850fb002e0852d56c0c8d2531923a51032d1b70760e186e",
                "sha256:684a38a6f903c1d71d6d5fac066b58d7768af4de2b832e426ec79c30daa94a16"
            ],
            "version": "==2.7"
        },
        "itsdangerous": {
            "hashes": [
                "sha256:321b033d07f2a4136d3ec762eac9f16a10ccd60f53c0c91af90217ace7ba1f19",
                "sha256:b12271b2047cb23eeb98c8b5622e2e5c5e9abd9784a153e9d8ef9cb4dd09d749"
            ],
            "version": "==1.1.0"
        },
        "jinja2": {
            "hashes": [
                "sha256:74c935a1b8bb9a3947c50a54766a969d4846290e1e788ea44c1392163723c3bd",
                "sha256:f84be1bb0040caca4cea721fcbbbbd61f9be9464ca236387158b0feea01914a4"
            ],
            "version": "==2.10"
        },
        "jinja2-time": {
            "hashes": [
                "sha256:d14eaa4d315e7688daa4969f616f226614350c48730bfa1692d2caebd8c90d40",
                "sha256:d3eab6605e3ec8b7a0863df09cc1d23714908fa61aa6986a845c20ba488b4efa"
            ],
            "version": "==0.2.0"
        },
        "jmespath": {
            "hashes": [
                "sha256:3720a4b1bd659dd2eecad0666459b9788813e032b83e7ba58578e48254e0a0e6",
                "sha256:bde2aef6f44302dfb30320115b17d030798de8c4110e28d5cf6cf91a7a31074c"
            ],
            "version": "==0.9.4"
        },
        "jsonpatch": {
            "hashes": [
                "sha256:49f29cab70e9068db3b1dc6b656cbe2ee4edf7dfe9bf5a0055f17a4b6804a4b9",
                "sha256:8bf92fa26bc42c346c03bd4517722a8e4f429225dbe775ac774b2c70d95dbd33"
            ],
            "version": "==1.23"
        },
        "jsonpointer": {
            "hashes": [
                "sha256:c192ba86648e05fdae4f08a17ec25180a9aef5008d973407b581798a83975362",
                "sha256:ff379fa021d1b81ab539f5ec467c7745beb1a5671463f9dcc2b2d458bd361c1e"
            ],
            "version": "==2.0"
        },
        "jsonschema": {
            "hashes": [
                "sha256:000e68abd33c972a5248544925a0cae7d1125f9bf6c58280d37546b946769a08",
                "sha256:6ff5f3180870836cae40f06fa10419f557208175f13ad7bc26caa77beb1f6e02"
            ],
            "version": "==2.6.0"
        },
        "markupsafe": {
            "hashes": [
                "sha256:00bc623926325b26bb9605ae9eae8a215691f33cae5df11ca5424f06f2d1f473",
                "sha256:09027a7803a62ca78792ad89403b1b7a73a01c8cb65909cd876f7fcebd79b161",
                "sha256:09c4b7f37d6c648cb13f9230d847adf22f8171b1ccc4d5682398e77f40309235",
                "sha256:1027c282dad077d0bae18be6794e6b6b8c91d58ed8a8d89a89d59693b9131db5",
                "sha256:24982cc2533820871eba85ba648cd53d8623687ff11cbb805be4ff7b4c971aff",
                "sha256:29872e92839765e546828bb7754a68c418d927cd064fd4708fab9fe9c8bb116b",
                "sha256:43a55c2930bbc139570ac2452adf3d70cdbb3cfe5912c71cdce1c2c6bbd9c5d1",
                "sha256:46c99d2de99945ec5cb54f23c8cd5689f6d7177305ebff350a58ce5f8de1669e",
                "sha256:500d4957e52ddc3351cabf489e79c91c17f6e0899158447047588650b5e69183",
                "sha256:535f6fc4d397c1563d08b88e485c3496cf5784e927af890fb3c3aac7f933ec66",
                "sha256:62fe6c95e3ec8a7fad637b7f3d372c15ec1caa01ab47926cfdf7a75b40e0eac1",
                "sha256:6dd73240d2af64df90aa7c4e7481e23825ea70af4b4922f8ede5b9e35f78a3b1",
                "sha256:717ba8fe3ae9cc0006d7c451f0bb265ee07739daf76355d06366154ee68d221e",
                "sha256:79855e1c5b8da654cf486b830bd42c06e8780cea587384cf6545b7d9ac013a0b",
                "sha256:7c1699dfe0cf8ff607dbdcc1e9b9af1755371f92a68f706051cc8c37d447c905",
                "sha256:88e5fcfb52ee7b911e8bb6d6aa2fd21fbecc674eadd44118a9cc3863f938e735",
                "sha256:8defac2f2ccd6805ebf65f5eeb132adcf2ab57aa11fdf4c0dd5169a004710e7d",
                "sha256:98c7086708b163d425c67c7a91bad6e466bb99d797aa64f965e9d25c12111a5e",
                "sha256:9add70b36c5666a2ed02b43b335fe19002ee5235efd4b8a89bfcf9005bebac0d",
                "sha256:9bf40443012702a1d2070043cb6291650a0841ece432556f784f004937f0f32c",
                "sha256:ade5e387d2ad0d7ebf59146cc00c8044acbd863725f887353a10df825fc8ae21",
                "sha256:b00c1de48212e4cc9603895652c5c410df699856a2853135b3967591e4beebc2",
                "sha256:b1282f8c00509d99fef04d8ba936b156d419be841854fe901d8ae224c59f0be5",
                "sha256:b2051432115498d3562c084a49bba65d97cf251f5a331c64a12ee7e04dacc51b",
                "sha256:ba59edeaa2fc6114428f1637ffff42da1e311e29382d81b339c1817d37ec93c6",
                "sha256:c8716a48d94b06bb3b2524c2b77e055fb313aeb4ea620c8dd03a105574ba704f",
                "sha256:cd5df75523866410809ca100dc9681e301e3c27567cf498077e8551b6d20e42f",
                "sha256:e249096428b3ae81b08327a63a485ad0878de3fb939049038579ac0ef61e17e7"
            ],
            "version": "==1.1.1"
        },
        "mccabe": {
            "hashes": [
                "sha256:ab8a6258860da4b6677da4bd2fe5dc2c659cff31b3ee4f7f5d64e79735b80d42",
                "sha256:dd8d182285a0fe56bace7f45b5e7d1a6ebcbf524e8f3bd87eb0f125271b8831f"
            ],
            "version": "==0.6.1"
        },
        "more-itertools": {
            "hashes": [
                "sha256:0125e8f60e9e031347105eb1682cef932f5e97d7b9a1a28d9bf00c22a5daef40",
                "sha256:590044e3942351a1bdb1de960b739ff4ce277960f2425ad4509446dbace8d9d1"
            ],
            "markers": "python_version > '2.7'",
            "version": "==6.0.0"
        },
        "pluggy": {
            "hashes": [
                "sha256:19ecf9ce9db2fce065a7a0586e07cfb4ac8614fe96edf628a264b1c70116cf8f",
                "sha256:84d306a647cc805219916e62aab89caa97a33a1dd8c342e87a37f91073cd4746"
            ],
            "version": "==0.9.0"
        },
        "poyo": {
            "hashes": [
                "sha256:c34a5413191210ed564640510e9c4a4ba3b698746d6b454d46eb5bfb30edcd1d",
                "sha256:d1c317054145a6b1ca0608b5e676b943ddc3bfd671f886a2fe09288b98221edb"
            ],
            "version": "==0.4.2"
        },
        "py": {
            "hashes": [
                "sha256:64f65755aee5b381cea27766a3a147c3f15b9b6b9ac88676de66ba2ae36793fa",
                "sha256:dc639b046a6e2cff5bbe40194ad65936d6ba360b52b3c3fe1d08a82dd50b5e53"
            ],
            "version": "==1.8.0"
        },
        "pyasn1": {
            "hashes": [
                "sha256:da2420fe13a9452d8ae97a0e478adde1dee153b11ba832a95b223a2ba01c10f7",
                "sha256:da6b43a8c9ae93bc80e2739efb38cc776ba74a886e3e9318d65fe81a8b8a2c6e"
            ],
            "version": "==0.4.5"
        },
        "pycodestyle": {
            "hashes": [
                "sha256:95a2219d12372f05704562a14ec30bc76b05a5b297b21a5dfe3f6fac3491ae56",
                "sha256:e40a936c9a450ad81df37f549d676d127b1b66000a6c500caa2b085bc0ca976c"
            ],
            "version": "==2.5.0"
        },
        "pydocstyle": {
            "hashes": [
                "sha256:2258f9b0df68b97bf3a6c29003edc5238ff8879f1efb6f1999988d934e432bd8",
                "sha256:5741c85e408f9e0ddf873611085e819b809fca90b619f5fd7f34bd4959da3dd4",
                "sha256:ed79d4ec5e92655eccc21eb0c6cf512e69512b4a97d215ace46d17e4990f2039"
            ],
            "index": "pypi",
            "version": "==3.0.0"
        },
        "pyflakes": {
            "hashes": [
                "sha256:17dbeb2e3f4d772725c777fabc446d5634d1038f234e77343108ce445ea69ce0",
                "sha256:d976835886f8c5b31d47970ed689944a0262b5f3afa00a5a7b4dc81e5449f8a2"
            ],
            "version": "==2.1.1"
        },
        "pytest": {
            "hashes": [
                "sha256:592eaa2c33fae68c7d75aacf042efc9f77b27c08a6224a4f59beab8d9a420523",
                "sha256:ad3ad5c450284819ecde191a654c09b0ec72257a2c711b9633d677c71c9850c4"
            ],
            "index": "pypi",
            "version": "==4.3.1"
        },
        "pytest-cov": {
            "hashes": [
                "sha256:0ab664b25c6aa9716cbf203b17ddb301932383046082c081b9848a0edf5add33",
                "sha256:230ef817450ab0699c6cc3c9c8f7a829c34674456f2ed8df1fe1d39780f7c87f"
            ],
            "index": "pypi",
            "version": "==2.6.1"
        },
        "pytest-mock": {
            "hashes": [
                "sha256:4d0d06d173eecf172703219a71dbd4ade0e13904e6bbce1ce660e2e0dc78b5c4",
                "sha256:bfdf02789e3d197bd682a758cae0a4a18706566395fbe2803badcd1335e0173e"
            ],
            "index": "pypi",
            "version": "==1.10.1"
        },
        "python-dateutil": {
            "hashes": [
                "sha256:7e6584c74aeed623791615e26efd690f29817a27c73085b78e4bad02493df2fb",
                "sha256:c89805f6f4d64db21ed966fda138f8a5ed7a4fdbc1a8ee329ce1b74e3c74da9e"
            ],
            "markers": "python_version >= '2.7'",
            "version": "==2.8.0"
        },
        "pytz": {
            "hashes": [
                "sha256:32b0891edff07e28efe91284ed9c31e123d84bea3fd98e1f72be2508f43ef8d9",
                "sha256:d5f05e487007e29e03409f9398d074e158d920d36eb82eaf66fb1136b0c5374c"
            ],
            "version": "==2018.9"
        },
        "pyyaml": {
            "hashes": [
                "sha256:3d7da3009c0f3e783b2c873687652d83b1bbfd5c88e9813fb7e5b03c0dd3108b",
                "sha256:3ef3092145e9b70e3ddd2c7ad59bdd0252a94dfe3949721633e41344de00a6bf",
                "sha256:40c71b8e076d0550b2e6380bada1f1cd1017b882f7e16f09a65be98e017f211a",
                "sha256:558dd60b890ba8fd982e05941927a3911dc409a63dcb8b634feaa0cda69330d3",
                "sha256:a7c28b45d9f99102fa092bb213aa12e0aaf9a6a1f5e395d36166639c1f96c3a1",
                "sha256:aa7dd4a6a427aed7df6fb7f08a580d68d9b118d90310374716ae90b710280af1",
                "sha256:bc558586e6045763782014934bfaf39d48b8ae85a2713117d16c39864085c613",
                "sha256:d46d7982b62e0729ad0175a9bc7e10a566fc07b224d2c79fafb5e032727eaa04",
                "sha256:d5eef459e30b09f5a098b9cea68bebfeb268697f78d647bd255a085371ac7f3f",
                "sha256:e01d3203230e1786cd91ccfdc8f8454c8069c91bee3962ad93b87a4b2860f537",
                "sha256:e170a9e6fcfd19021dd29845af83bb79236068bf5fd4df3327c1be18182b2531"
            ],
            "version": "==3.13"
        },
        "regex": {
            "hashes": [
                "sha256:0306149889c1a1bec362511f737bc446245ddfcdbe4b556abdfc506ed46dfa47",
                "sha256:4b08704a5939c698d2d5950b5dc950597613216cc8c01048efc0da860a0c3db9",
                "sha256:6ba0eb777ada6887062c2620e6d644b011078d5d3dc09119ae7107285f6f95e9",
                "sha256:7789cc323948792c4c62b269a56f2f2f9bc77d44e54fd81e01b12a967dd7244c",
                "sha256:825143aadca0da7d26eeaf2ab0f8bc33921a5642e570ded92dde08c5aaebc65f",
                "sha256:8fbd057faab28ce552d89c46f7a968e950f07e80752dfb93891dd11c6b0ee3b4",
                "sha256:a41aabb0b9072a14f1e2e554f959ed6439b83610ed656edace9096a0b27e378e",
                "sha256:d8807231aed332a1d0456d2088967b87e8c664222bed8e566384ca0ec0b43bfd",
                "sha256:dfd89b642fe71f4e8a9906455d4147d453061377b650e6233ddd9ea822971360"
            ],
            "version": "==2019.3.12"
        },
        "requests": {
            "hashes": [
                "sha256:65b3a120e4329e33c9889db89c80976c5272f56ea92d3e74da8a463992e3ff54",
                "sha256:ea881206e59f41dbd0bd445437d792e43906703fff75ca8ff43ccdb11f33f263"
            ],
            "version": "==2.20.1"
        },
        "rsa": {
            "hashes": [
                "sha256:25df4e10c263fb88b5ace923dd84bf9aa7f5019687b5e55382ffcdb8bede9db5",
                "sha256:43f682fea81c452c98d09fc316aae12de6d30c4b5c84226642cf8f8fd1c93abd"
            ],
            "version": "==3.4.2"
        },
        "s3transfer": {
            "hashes": [
                "sha256:7b9ad3213bff7d357f888e0fab5101b56fa1a0548ee77d121c3a3dbfbef4cb2e",
                "sha256:f23d5cb7d862b104401d9021fc82e5fa0e0cf57b7660a1331425aab0c691d021"
            ],
            "version": "==0.2.0"
        },
        "serverlessrepo": {
            "hashes": [
                "sha256:533389d41a51450e50cc01405ab766550170149c08e1c85b3a1559b0fab4cb25",
                "sha256:d40e83d29175ba3eddaa02f1dac57332d1dec495e012cd2e80366be9ad7c94a5"
            ],
            "version": "==0.1.8"
        },
        "six": {
            "hashes": [
                "sha256:3350809f0555b11f552448330d0b52d5f24c91a322ea4a15ef22629740f3761c",
                "sha256:d16a0141ec1a18405cd4ce8b4613101da75da0e9a7aec5bdd4fa804d0e0eba73"
            ],
            "version": "==1.12.0"
        },
        "snowballstemmer": {
            "hashes": [
                "sha256:919f26a68b2c17a7634da993d91339e288964f93c274f1343e3bbbe2096e1128",
                "sha256:9f3bcd3c401c3e862ec0ebe6d2c069ebc012ce142cce209c098ccb5b09136e89"
            ],
            "version": "==1.2.1"
        },
        "tzlocal": {
            "hashes": [
                "sha256:4ebeb848845ac898da6519b9b31879cf13b6626f7184c496037b818e238f2c4e"
            ],
            "version": "==1.5.1"
        },
        "urllib3": {
            "hashes": [
                "sha256:61bf29cada3fc2fbefad4fdf059ea4bd1b4a86d2b6d15e1c7c0b582b9752fe39",
                "sha256:de9529817c93f27c8ccbfead6985011db27bd0ddfcdb2d86f3f663385c6a9c22"
            ],
            "markers": "python_version >= '3.4'",
            "version": "==1.24.1"
        },
        "websocket-client": {
            "hashes": [
                "sha256:47a3ddf3ee7ecd4e2f81610bcdc7f44d5dd03b602b911d4ce991cd82310d3f3b",
                "sha256:f6029deea21218f2c771848935aa26c15699c831770f4fa66958bdaabff80ca0"
            ],
            "version": "==0.55.0"
        },
        "werkzeug": {
            "hashes": [
                "sha256:590abe38f8be026d78457fe3b5200895b3543e58ac3fc1dd792c6333ea11af64",
                "sha256:ee11b0f0640c56fb491b43b38356c4b588b3202b415a1e03eacf1c5561c961cf"
            ],
            "version": "==0.15.0"
        },
        "wheel": {
            "hashes": [
                "sha256:66a8fd76f28977bb664b098372daef2b27f60dc4d1688cfab7b37a09448f0e9d",
                "sha256:8eb4a788b3aec8abf5ff68d4165441bc57420c9f64ca5f471f58c3969fe08668"
            ],
            "version": "==0.33.1"
        },
        "whichcraft": {
            "hashes": [
                "sha256:7533870f751901a0ce43c93cc9850186e9eba7fe58c924dfb435968ba9c9fa4e",
                "sha256:fecddd531f237ffc5db8b215409afb18fa30300699064cca4817521b4fc81815"
            ],
            "version": "==0.5.2"
        }
    }
}
